
Microsoft Visual Studio Solution File, Format Version 12.00
# Visual Studio 15
VisualStudioVersion = 15.0.27130.2020
MinimumVisualStudioVersion = 10.0.40219.1
Project("{FAE04EC0-301F-11D3-BF4B-00C04F79EFBC}") = "ParkSomewhereApp", "ParkSomewhereApp\ParkSomewhereApp.csproj", "{83FBE1BF-020F-4E14-9135-0D752D4DA5C2}"
EndProject
Global
	GlobalSection(SolutionConfigurationPlatforms) = preSolution
		Debug|Any CPU = Debug|Any CPU
		Release|Any CPU = Release|Any CPU
	EndGlobalSection
	GlobalSection(ProjectConfigurationPlatforms) = postSolution
		{83FBE1BF-020F-4E14-9135-0D752D4DA5C2}.Debug|Any CPU.ActiveCfg = Debug|Any CPU
		{83FBE1BF-020F-4E14-9135-0D752D4DA5C2}.Debug|Any CPU.Build.0 = Debug|Any CPU
		{83FBE1BF-020F-4E14-9135-0D752D4DA5C2}.Release|Any CPU.ActiveCfg = Release|Any CPU
		{83FBE1BF-020F-4E14-9135-0D752D4DA5C2}.Release|Any CPU.Build.0 = Release|Any CPU
	EndGlobalSection
	GlobalSection(SolutionProperties) = preSolution
		HideSolutionNode = FALSE
	EndGlobalSection
	GlobalSection(ExtensibilityGlobals) = postSolution
		SolutionGuid = {5FDFB608-61AD-416B-AEB8-94D313472DAF}
	EndGlobalSection
EndGlobal
